
Microsoft Visual Studio Solution File, Format Version 12.00
# Visual Studio Version 17
VisualStudioVersion = 17.3.32804.467
MinimumVisualStudioVersion = 10.0.40219.1
Project("{FAE04EC0-301F-11D3-BF4B-00C04F79EFBC}") = "DogsTest", "DogsTest\DogsTest.csproj", "{028CE862-8007-4CE7-9207-2A0E02A47543}"
EndProject
Global
	GlobalSection(SolutionConfigurationPlatforms) = preSolution
		Debug|Any CPU = Debug|Any CPU
		Release|Any CPU = Release|Any CPU
	EndGlobalSection
	GlobalSection(ProjectConfigurationPlatforms) = postSolution
		{028CE862-8007-4CE7-9207-2A0E02A47543}.Debug|Any CPU.ActiveCfg = Debug|Any CPU
		{028CE862-8007-4CE7-9207-2A0E02A47543}.Debug|Any CPU.Build.0 = Debug|Any CPU
		{028CE862-8007-4CE7-9207-2A0E02A47543}.Release|Any CPU.ActiveCfg = Release|Any CPU
		{028CE862-8007-4CE7-9207-2A0E02A47543}.Release|Any CPU.Build.0 = Release|Any CPU
	EndGlobalSection
	GlobalSection(SolutionProperties) = preSolution
		HideSolutionNode = FALSE
	EndGlobalSection
	GlobalSection(ExtensibilityGlobals) = postSolution
		SolutionGuid = {A771200D-A6DB-433A-8731-BC0576080A0C}
	EndGlobalSection
EndGlobal
